// !$*UTF8*$!
{
	archiveVersion = 1;
	classes = {
	};
	objectVersion = 46;
	objects = {

/* Begin PBXBuildFile section */
		B04EC782209EF2FB005B3848 /* AppDelegate.swift in Sources */ = {isa = PBXBuildFile; fileRef = B04EC781209EF2FB005B3848 /* AppDelegate.swift */; };
		B04EC784209EF2FB005B3848 /* ViewController.swift in Sources */ = {isa = PBXBuildFile; fileRef = B04EC783209EF2FB005B3848 /* ViewController.swift */; };
		B04EC787209EF2FB005B3848 /* Main.storyboard in Resources */ = {isa = PBXBuildFile; fileRef = B04EC785209EF2FB005B3848 /* Main.storyboard */; };
		B04EC789209EF2FB005B3848 /* Assets.xcassets in Resources */ = {isa = PBXBuildFile; fileRef = B04EC788209EF2FB005B3848 /* Assets.xcassets */; };
		B04EC78C209EF2FB005B3848 /* LaunchScreen.storyboard in Resources */ = {isa = PBXBuildFile; fileRef = B04EC78A209EF2FB005B3848 /* LaunchScreen.storyboard */; };
		B04EC797209EF2FB005B3848 /* Food_TrackerTests.swift in Sources */ = {isa = PBXBuildFile; fileRef = B04EC796209EF2FB005B3848 /* Food_TrackerTests.swift */; };
/* End PBXBuildFile section */

/* Begin PBXContainerItemProxy section */
		B04EC793209EF2FB005B3848 /* PBXContainerItemProxy */ = {
			isa = PBXContainerItemProxy;
			containerPortal = B04EC776209EF2FB005B3848 /* Project object */;
			proxyType = 1;
			remoteGlobalIDString = B04EC77D209EF2FB005B3848;
			remoteInfo = "Food Tracker";
		};
/* End PBXContainerItemProxy section */

/* Begin PBXFileReference section */
		B04EC77E209EF2FB005B3848 /* Food Tracker.app */ = {isa = PBXFileReference; explicitFileType = wrapper.application; includeInIndex = 0; path = "Food Tracker.app"; sourceTree = BUILT_PRODUCTS_DIR; };
		B04EC781209EF2FB005B3848 /* AppDelegate.swift */ = {isa = PBXFileReference; lastKnownFileType = sourcecode.swift; path = AppDelegate.swift; sourceTree = "<group>"; };
		B04EC783209EF2FB005B3848 /* ViewController.swift */ = {isa = PBXFileReference; lastKnownFileType = sourcecode.swift; path = ViewController.swift; sourceTree = "<group>"; };
		B04EC786209EF2FB005B3848 /* Base */ = {isa = PBXFileReference; lastKnownFileType = file.storyboard; name = Base; path = Base.lproj/Main.storyboard; sourceTree = "<group>"; };
		B04EC788209EF2FB005B3848 /* Assets.xcassets */ = {isa = PBXFileReference; lastKnownFileType = folder.assetcatalog; path = Assets.xcassets; sourceTree = "<group>"; };
		B04EC78B209EF2FB005B3848 /* Base */ = {isa = PBXFileReference; lastKnownFileType = file.storyboard; name = Base; path = Base.lproj/LaunchScreen.storyboard; sourceTree = "<group>"; };
		B04EC78D209EF2FB005B3848 /* Info.plist */ = {isa = PBXFileReference; lastKnownFileType = text.plist.xml; path = Info.plist; sourceTree = "<group>"; };
		B04EC792209EF2FB005B3848 /* Food TrackerTests.xctest */ = {isa = PBXFileReference; explicitFileType = wrapper.cfbundle; includeInIndex = 0; path = "Food TrackerTests.xctest"; sourceTree = BUILT_PRODUCTS_DIR; };
		B04EC796209EF2FB005B3848 /* Food_TrackerTests.swift */ = {isa = PBXFileReference; lastKnownFileType = sourcecode.swift; path = Food_TrackerTests.swift; sourceTree = "<group>"; };
		B04EC798209EF2FB005B3848 /* Info.plist */ = {isa = PBXFileReference; lastKnownFileType = text.plist.xml; path = Info.plist; sourceTree = "<group>"; };
/* End PBXFileReference section */

/* Begin PBXFrameworksBuildPhase section */
		B04EC77B209EF2FB005B3848 /* Frameworks */ = {
			isa = PBXFrameworksBuildPhase;
			buildActionMask = 2147483647;
			files = (
			);
			runOnlyForDeploymentPostprocessing = 0;
		};
		B04EC78F209EF2FB005B3848 /* Frameworks */ = {
			isa = PBXFrameworksBuildPhase;
			buildActionMask = 2147483647;
			files = (
			);
			runOnlyForDeploymentPostprocessing = 0;
		};
/* End PBXFrameworksBuildPhase section */

/* Begin PBXGroup section */
		B04EC775209EF2FB005B3848 = {
			isa = PBXGroup;
			children = (
				B04EC780209EF2FB005B3848 /* Food Tracker */,
				B04EC795209EF2FB005B3848 /* Food TrackerTests */,
				B04EC77F209EF2FB005B3848 /* Products */,
			);
			sourceTree = "<group>";
		};
		B04EC77F209EF2FB005B3848 /* Products */ = {
			isa = PBXGroup;
			children = (
				B04EC77E209EF2FB005B3848 /* Food Tracker.app */,
				B04EC792209EF2FB005B3848 /* Food TrackerTests.xctest */,
			);
			name = Products;
			sourceTree = "<group>";
		};
		B04EC780209EF2FB005B3848 /* Food Tracker */ = {
			isa = PBXGroup;
			children = (
				B04EC781209EF2FB005B3848 /* AppDelegate.swift */,
				B04EC783209EF2FB005B3848 /* ViewController.swift */,
				B04EC785209EF2FB005B3848 /* Main.storyboard */,
				B04EC788209EF2FB005B3848 /* Assets.xcassets */,
				B04EC78A209EF2FB005B3848 /* LaunchScreen.storyboard */,
				B04EC78D209EF2FB005B3848 /* Info.plist */,
			);
			path = "Food Tracker";
			sourceTree = "<group>";
		};
		B04EC795209EF2FB005B3848 /* Food TrackerTests */ = {
			isa = PBXGroup;
			children = (
				B04EC796209EF2FB005B3848 /* Food_TrackerTests.swift */,
				B04EC798209EF2FB005B3848 /* Info.plist */,
			);
			path = "Food TrackerTests";
			sourceTree = "<group>";
		};
/* End PBXGroup section */

/* Begin PBXNativeTarget section */
		B04EC77D209EF2FB005B3848 /* Food Tracker */ = {
			isa = PBXNativeTarget;
			buildConfigurationList = B04EC79B209EF2FB005B3848 /* Build configuration list for PBXNativeTarget "Food Tracker" */;
			buildPhases = (
				B04EC77A209EF2FB005B3848 /* Sources */,
				B04EC77B209EF2FB005B3848 /* Frameworks */,
				B04EC77C209EF2FB005B3848 /* Resources */,
			);
			buildRules = (
			);
			dependencies = (
			);
			name = "Food Tracker";
			productName = "Food Tracker";
			productReference = B04EC77E209EF2FB005B3848 /* Food Tracker.app */;
			productType = "com.apple.product-type.application";
		};
		B04EC791209EF2FB005B3848 /* Food TrackerTests */ = {
			isa = PBXNativeTarget;
			buildConfigurationList = B04EC79E209EF2FB005B3848 /* Build configuration list for PBXNativeTarget "Food TrackerTests" */;
			buildPhases = (
				B04EC78E209EF2FB005B3848 /* Sources */,
				B04EC78F209EF2FB005B3848 /* Frameworks */,
				B04EC790209EF2FB005B3848 /* Resources */,
			);
			buildRules = (
			);
			dependencies = (
				B04EC794209EF2FB005B3848 /* PBXTargetDependency */,
			);
			name = "Food TrackerTests";
			productName = "Food TrackerTests";
			productReference = B04EC792209EF2FB005B3848 /* Food TrackerTests.xctest */;
			productType = "com.apple.product-type.bundle.unit-test";
		};
/* End PBXNativeTarget section */

/* Begin PBXProject section */
		B04EC776209EF2FB005B3848 /* Project object */ = {
			isa = PBXProject;
			attributes = {
				LastSwiftUpdateCheck = 0830;
				LastUpgradeCheck = 0830;
				ORGANIZATIONNAME = edu.self;
				TargetAttributes = {
					B04EC77D209EF2FB005B3848 = {
						CreatedOnToolsVersion = 8.3;
						ProvisioningStyle = Automatic;
					};
					B04EC791209EF2FB005B3848 = {
						CreatedOnToolsVersion = 8.3;
						ProvisioningStyle = Automatic;
						TestTargetID = B04EC77D209EF2FB005B3848;
					};
				};
			};
			buildConfigurationList = B04EC779209EF2FB005B3848 /* Build configuration list for PBXProject "Food Tracker" */;
			compatibilityVersion = "Xcode 3.2";
			developmentRegion = English;
			hasScannedForEncodings = 0;
			knownRegions = (
				en,
				Base,
			);
			mainGroup = B04EC775209EF2FB005B3848;
			productRefGroup = B04EC77F209EF2FB005B3848 /* Products */;
			projectDirPath = "";
			projectRoot = "";
			targets = (
				B04EC77D209EF2FB005B3848 /* Food Tracker */,
				B04EC791209EF2FB005B3848 /* Food TrackerTests */,
			);
		};
/* End PBXProject section */

/* Begin PBXResourcesBuildPhase section */
		B04EC77C209EF2FB005B3848 /* Resources */ = {
			isa = PBXResourcesBuildPhase;
			buildActionMask = 2147483647;
			files = (
				B04EC78C209EF2FB005B3848 /* LaunchScreen.storyboard in Resources */,
				B04EC789209EF2FB005B3848 /* Assets.xcassets in Resources */,
				B04EC787209EF2FB005B3848 /* Main.storyboard in Resources */,
			);
			runOnlyForDeploymentPostprocessing = 0;
		};
		B04EC790209EF2FB005B3848 /* Resources */ = {
			isa = PBXResourcesBuildPhase;
			buildActionMask = 2147483647;
			files = (
			);
			runOnlyForDeploymentPostprocessing = 0;
		};
/* End PBXResourcesBuildPhase section */

/* Begin PBXSourcesBuildPhase section */
		B04EC77A209EF2FB005B3848 /* Sources */ = {
			isa = PBXSourcesBuildPhase;
			buildActionMask = 2147483647;
			files = (
				B04EC784209EF2FB005B3848 /* ViewController.swift in Sources */,
				B04EC782209EF2FB005B3848 /* AppDelegate.swift in Sources */,
			);
			runOnlyForDeploymentPostprocessing = 0;
		};
		B04EC78E209EF2FB005B3848 /* Sources */ = {
			isa = PBXSourcesBuildPhase;
			buildActionMask = 2147483647;
			files = (
				B04EC797209EF2FB005B3848 /* Food_TrackerTests.swift in Sources */,
			);
			runOnlyForDeploymentPostprocessing = 0;
		};
/* End PBXSourcesBuildPhase section */

/* Begin PBXTargetDependency section */
		B04EC794209EF2FB005B3848 /* PBXTargetDependency */ = {
			isa = PBXTargetDependency;
			target = B04EC77D209EF2FB005B3848 /* Food Tracker */;
			targetProxy = B04EC793209EF2FB005B3848 /* PBXContainerItemProxy */;
		};
/* End PBXTargetDependency section */

/* Begin PBXVariantGroup section */
		B04EC785209EF2FB005B3848 /* Main.storyboard */ = {
			isa = PBXVariantGroup;
			children = (
				B04EC786209EF2FB005B3848 /* Base */,
			);
			name = Main.storyboard;
			sourceTree = "<group>";
		};
		B04EC78A209EF2FB005B3848 /* LaunchScreen.storyboard */ = {
			isa = PBXVariantGroup;
			children = (
				B04EC78B209EF2FB005B3848 /* Base */,
			);
			name = LaunchScreen.storyboard;
			sourceTree = "<group>";
		};
/* End PBXVariantGroup section */

/* Begin XCBuildConfiguration section */
		B04EC799209EF2FB005B3848 /* Debug */ = {
			isa = XCBuildConfiguration;
			buildSettings = {
				ALWAYS_SEARCH_USER_PATHS = NO;
				CLANG_ANALYZER_NONNULL = YES;
				CLANG_ANALYZER_NUMBER_OBJECT_CONVERSION = YES_AGGRESSIVE;
				CLANG_CXX_LANGUAGE_STANDARD = "gnu++0x";
				CLANG_CXX_LIBRARY = "libc++";
				CLANG_ENABLE_MODULES = YES;
				CLANG_ENABLE_OBJC_ARC = YES;
				CLANG_WARN_BOOL_CONVERSION = YES;
				CLANG_WARN_CONSTANT_CONVERSION = YES;
				CLANG_WARN_DIRECT_OBJC_ISA_USAGE = YES_ERROR;
				CLANG_WARN_DOCUMENTATION_COMMENTS = YES;
				CLANG_WARN_EMPTY_BODY = YES;
				CLANG_WARN_ENUM_CONVERSION = YES;
				CLANG_WARN_INFINITE_RECURSION = YES;
				CLANG_WARN_INT_CONVERSION = YES;
				CLANG_WARN_OBJC_ROOT_CLASS = YES_ERROR;
				CLANG_WARN_SUSPICIOUS_MOVE = YES;
				CLANG_WARN_UNREACHABLE_CODE = YES;
				CLANG_WARN__DUPLICATE_METHOD_MATCH = YES;
				"CODE_SIGN_IDENTITY[sdk=iphoneos*]" = "iPhone Developer";
				COPY_PHASE_STRIP = NO;
				DEBUG_INFORMATION_FORMAT = dwarf;
				ENABLE_STRICT_OBJC_MSGSEND = YES;
				ENABLE_TESTABILITY = YES;
				GCC_C_LANGUAGE_STANDARD = gnu99;
				GCC_DYNAMIC_NO_PIC = NO;
				GCC_NO_COMMON_BLOCKS = YES;
				GCC_OPTIMIZATION_LEVEL = 0;
				GCC_PREPROCESSOR_DEFINITIONS = (
					"DEBUG=1",
					"$(inherited)",
				);
				GCC_WARN_64_TO_32_BIT_CONVERSION = YES;
				GCC_WARN_ABOUT_RETURN_TYPE = YES_ERROR;
				GCC_WARN_UNDECLARED_SELECTOR = YES;
				GCC_WARN_UNINITIALIZED_AUTOS = YES_AGGRESSIVE;
				GCC_WARN_UNUSED_FUNCTION = YES;
				GCC_WARN_UNUSED_VARIABLE = YES;
				IPHONEOS_DEPLOYMENT_TARGET = 10.3;
				MTL_ENABLE_DEBUG_INFO = YES;
				ONLY_ACTIVE_ARCH = YES;
				SDKROOT = iphoneos;
				SWIFT_ACTIVE_COMPILATION_CONDITIONS = DEBUG;
				SWIFT_OPTIMIZATION_LEVEL = "-Onone";
				TARGETED_DEVICE_FAMILY = "1,2";
			};
			name = Debug;
		};
		B04EC79A209EF2FB005B3848 /* Release */ = {
			isa = XCBuildConfiguration;
			buildSettings = {
				ALWAYS_SEARCH_USER_PATHS = NO;
				CLANG_ANALYZER_NONNULL = YES;
				CLANG_ANALYZER_NUMBER_OBJECT_CONVERSION = YES_AGGRESSIVE;
				CLANG_CXX_LANGUAGE_STANDARD = "gnu++0x";
				CLANG_CXX_LIBRARY = "libc++";
				CLANG_ENABLE_MODULES = YES;
				CLANG_ENABLE_OBJC_ARC = YES;
				CLANG_WARN_BOOL_CONVERSION = YES;
				CLANG_WARN_CONSTANT_CONVERSION = YES;
				CLANG_WARN_DIRECT_OBJC_ISA_USAGE = YES_ERROR;
				CLANG_WARN_DOCUMENTATION_COMMENTS = YES;
				CLANG_WARN_EMPTY_BODY = YES;
				CLANG_WARN_ENUM_CONVERSION = YES;
				CLANG_WARN_INFINITE_RECURSION = YES;
				CLANG_WARN_INT_CONVERSION = YES;
				CLANG_WARN_OBJC_ROOT_CLASS = YES_ERROR;
				CLANG_WARN_SUSPICIOUS_MOVE = YES;
				CLANG_WARN_UNREACHABLE_CODE = YES;
				CLANG_WARN__DUPLICATE_METHOD_MATCH = YES;
				"CODE_SIGN_IDENTITY[sdk=iphoneos*]" = "iPhone Developer";
				COPY_PHASE_STRIP = NO;
				DEBUG_INFORMATION_FORMAT = "dwarf-with-dsym";
				ENABLE_NS_ASSERTIONS = NO;
				ENABLE_STRICT_OBJC_MSGSEND = YES;
				GCC_C_LANGUAGE_STANDARD = gnu99;
				GCC_NO_COMMON_BLOCKS = YES;
				GCC_WARN_64_TO_32_BIT_CONVERSION = YES;
				GCC_WARN_ABOUT_RETURN_TYPE = YES_ERROR;
				GCC_WARN_UNDECLARED_SELECTOR = YES;
				GCC_WARN_UNINITIALIZED_AUTOS = YES_AGGRESSIVE;
				GCC_WARN_UNUSED_FUNCTION = YES;
				GCC_WARN_UNUSED_VARIABLE = YES;
				IPHONEOS_DEPLOYMENT_TARGET = 10.3;
				MTL_ENABLE_DEBUG_INFO = NO;
				SDKROOT = iphoneos;
				SWIFT_OPTIMIZATION_LEVEL = "-Owholemodule";
				TARGETED_DEVICE_FAMILY = "1,2";
				VALIDATE_PRODUCT = YES;
			};
			name = Release;
		};
		B04EC79C209EF2FB005B3848 /* Debug */ = {
			isa = XCBuildConfiguration;
			buildSettings = {
				ASSETCATALOG_COMPILER_APPICON_NAME = AppIcon;
				DEVELOPMENT_TEAM = "";
				INFOPLIST_FILE = "Food Tracker/Info.plist";
				LD_RUNPATH_SEARCH_PATHS = "$(inherited) @executable_path/Frameworks";
				PRODUCT_BUNDLE_IDENTIFIER = "JY.Food-Tracker";
				PRODUCT_NAME = "$(TARGET_NAME)";
				SWIFT_VERSION = 3.0;
			};
			name = Debug;
		};
		B04EC79D209EF2FB005B3848 /* Release */ = {
			isa = XCBuildConfiguration;
			buildSettings = {
				ASSETCATALOG_COMPILER_APPICON_NAME = AppIcon;
				DEVELOPMENT_TEAM = "";
				INFOPLIST_FILE = "Food Tracker/Info.plist";
				LD_RUNPATH_SEARCH_PATHS = "$(inherited) @executable_path/Frameworks";
				PRODUCT_BUNDLE_IDENTIFIER = "JY.Food-Tracker";
				PRODUCT_NAME = "$(TARGET_NAME)";
				SWIFT_VERSION = 3.0;
			};
			name = Release;
		};
		B04EC79F209EF2FB005B3848 /* Debug */ = {
			isa = XCBuildConfiguration;
			buildSettings = {
				ALWAYS_EMBED_SWIFT_STANDARD_LIBRARIES = YES;
				BUNDLE_LOADER = "$(TEST_HOST)";
				INFOPLIST_FILE = "Food TrackerTests/Info.plist";
				LD_RUNPATH_SEARCH_PATHS = "$(inherited) @executable_path/Frameworks @loader_path/Frameworks";
				PRODUCT_BUNDLE_IDENTIFIER = "JY.Food-TrackerTests";
				PRODUCT_NAME = "$(TARGET_NAME)";
				SWIFT_VERSION = 3.0;
				TEST_HOST = "$(BUILT_PRODUCTS_DIR)/Food Tracker.app/Food Tracker";
			};
			name = Debug;
		};
		B04EC7A0209EF2FB005B3848 /* Release */ = {
			isa = XCBuildConfiguration;
			buildSettings = {
				ALWAYS_EMBED_SWIFT_STANDARD_LIBRARIES = YES;
				BUNDLE_LOADER = "$(TEST_HOST)";
				INFOPLIST_FILE = "Food TrackerTests/Info.plist";
				LD_RUNPATH_SEARCH_PATHS = "$(inherited) @executable_path/Frameworks @loader_path/Frameworks";
				PRODUCT_BUNDLE_IDENTIFIER = "JY.Food-TrackerTests";
				PRODUCT_NAME = "$(TARGET_NAME)";
				SWIFT_VERSION = 3.0;
				TEST_HOST = "$(BUILT_PRODUCTS_DIR)/Food Tracker.app/Food Tracker";
			};
			name = Release;
		};
/* End XCBuildConfiguration section */

/* Begin XCConfigurationList section */
		B04EC779209EF2FB005B3848 /* Build configuration list for PBXProject "Food Tracker" */ = {
			isa = XCConfigurationList;
			buildConfigurations = (
				B04EC799209EF2FB005B3848 /* Debug */,
				B04EC79A209EF2FB005B3848 /* Release */,
			);
			defaultConfigurationIsVisible = 0;
			defaultConfigurationName = Release;
		};
		B04EC79B209EF2FB005B3848 /* Build configuration list for PBXNativeTarget "Food Tracker" */ = {
			isa = XCConfigurationList;
			buildConfigurations = (
				B04EC79C209EF2FB005B3848 /* Debug */,
				B04EC79D209EF2FB005B3848 /* Release */,
			);
			defaultConfigurationIsVisible = 0;
		};
		B04EC79E209EF2FB005B3848 /* Build configuration list for PBXNativeTarget "Food TrackerTests" */ = {
			isa = XCConfigurationList;
			buildConfigurations = (
				B04EC79F209EF2FB005B3848 /* Debug */,
				B04EC7A0209EF2FB005B3848 /* Release */,
			);
			defaultConfigurationIsVisible = 0;
		};
/* End XCConfigurationList section */
	};
	rootObject = B04EC776209EF2FB005B3848 /* Project object */;
}
